PODS:
  - PopupCollectionViewController (0.2.2)

DEPENDENCIES:
  - PopupCollectionViewController (from `../`)

EXTERNAL SOURCES:
  PopupCollectionViewController:
    :path: "../"

SPEC CHECKSUMS:
  PopupCollectionViewController: 2c542e6a27d90a2867cc97355a2a4e3b9d94f8d5

PODFILE CHECKSUM: 149b607a76921de4dcb0280083a71f596b312fd0

COCOAPODS: 1.2.0
