PODS:
  - PopupCollectionViewController (0.2.0)

DEPENDENCIES:
  - PopupCollectionViewController (from `../`)

EXTERNAL SOURCES:
  PopupCollectionViewController:
    :path: "../"

SPEC CHECKSUMS:
  PopupCollectionViewController: 90a0bf47d42eab2d06a1314252fa554a5576adfc

PODFILE CHECKSUM: 149b607a76921de4dcb0280083a71f596b312fd0

COCOAPODS: 1.2.0
